
Microsoft Visual Studio Solution File, Format Version 12.00
# Visual Studio Version 16
VisualStudioVersion = 16.0.29020.237
MinimumVisualStudioVersion = 10.0.40219.1
Project("{FAE04EC0-301F-11D3-BF4B-00C04F79EFBC}") = "HW02", "HW02\HW02.csproj", "{8ED01EBD-F382-4A6B-B706-A9624EAB7241}"
EndProject
Project("{FAE04EC0-301F-11D3-BF4B-00C04F79EFBC}") = "B1", "B1\B1.csproj", "{05996535-9C07-4D1B-B048-E27DDF2D240B}"
EndProject
Project("{FAE04EC0-301F-11D3-BF4B-00C04F79EFBC}") = "B2", "B2\B2.csproj", "{ADF885BA-389D-4D24-B285-0A169F12A3E2}"
EndProject
Project("{FAE04EC0-301F-11D3-BF4B-00C04F79EFBC}") = "B3", "B3\B3.csproj", "{BA69FCFC-FDF6-4E18-B2D0-8F12378167CF}"
EndProject
Project("{FAE04EC0-301F-11D3-BF4B-00C04F79EFBC}") = "C1", "C1\C1.csproj", "{2A70B5BA-B83A-43DC-BA66-633CAFC0C8B9}"
EndProject
Project("{FAE04EC0-301F-11D3-BF4B-00C04F79EFBC}") = "C2", "C2\C2.csproj", "{AA0219C0-746E-4E22-BCAE-6173D9756417}"
EndProject
Project("{FAE04EC0-301F-11D3-BF4B-00C04F79EFBC}") = "C3", "C3\C3.csproj", "{535FD165-1927-4DF7-9600-62D1DB249A8E}"
EndProject
Project("{FAE04EC0-301F-11D3-BF4B-00C04F79EFBC}") = "C4", "C4\C4.csproj", "{C85D5D98-A0CC-4BEC-839E-6D9ED202C6C5}"
EndProject
Project("{FAE04EC0-301F-11D3-BF4B-00C04F79EFBC}") = "D1", "D1\D1.csproj", "{5970A353-B931-4E12-AC33-6506A5E6E91D}"
EndProject
Project("{FAE04EC0-301F-11D3-BF4B-00C04F79EFBC}") = "D2", "D2\D2.csproj", "{1A1B4526-44FA-477D-8FB0-CB8FA83F605D}"
EndProject
Global
	GlobalSection(SolutionConfigurationPlatforms) = preSolution
		Debug|Any CPU = Debug|Any CPU
		Release|Any CPU = Release|Any CPU
	EndGlobalSection
	GlobalSection(ProjectConfigurationPlatforms) = postSolution
		{8ED01EBD-F382-4A6B-B706-A9624EAB7241}.Debug|Any CPU.ActiveCfg = Debug|Any CPU
		{8ED01EBD-F382-4A6B-B706-A9624EAB7241}.Debug|Any CPU.Build.0 = Debug|Any CPU
		{8ED01EBD-F382-4A6B-B706-A9624EAB7241}.Release|Any CPU.ActiveCfg = Release|Any CPU
		{8ED01EBD-F382-4A6B-B706-A9624EAB7241}.Release|Any CPU.Build.0 = Release|Any CPU
		{05996535-9C07-4D1B-B048-E27DDF2D240B}.Debug|Any CPU.ActiveCfg = Debug|Any CPU
		{05996535-9C07-4D1B-B048-E27DDF2D240B}.Debug|Any CPU.Build.0 = Debug|Any CPU
		{05996535-9C07-4D1B-B048-E27DDF2D240B}.Release|Any CPU.ActiveCfg = Release|Any CPU
		{05996535-9C07-4D1B-B048-E27DDF2D240B}.Release|Any CPU.Build.0 = Release|Any CPU
		{ADF885BA-389D-4D24-B285-0A169F12A3E2}.Debug|Any CPU.ActiveCfg = Debug|Any CPU
		{ADF885BA-389D-4D24-B285-0A169F12A3E2}.Debug|Any CPU.Build.0 = Debug|Any CPU
		{ADF885BA-389D-4D24-B285-0A169F12A3E2}.Release|Any CPU.ActiveCfg = Release|Any CPU
		{ADF885BA-389D-4D24-B285-0A169F12A3E2}.Release|Any CPU.Build.0 = Release|Any CPU
		{BA69FCFC-FDF6-4E18-B2D0-8F12378167CF}.Debug|Any CPU.ActiveCfg = Debug|Any CPU
		{BA69FCFC-FDF6-4E18-B2D0-8F12378167CF}.Debug|Any CPU.Build.0 = Debug|Any CPU
		{BA69FCFC-FDF6-4E18-B2D0-8F12378167CF}.Release|Any CPU.ActiveCfg = Release|Any CPU
		{BA69FCFC-FDF6-4E18-B2D0-8F12378167CF}.Release|Any CPU.Build.0 = Release|Any CPU
		{2A70B5BA-B83A-43DC-BA66-633CAFC0C8B9}.Debug|Any CPU.ActiveCfg = Debug|Any CPU
		{2A70B5BA-B83A-43DC-BA66-633CAFC0C8B9}.Debug|Any CPU.Build.0 = Debug|Any CPU
		{2A70B5BA-B83A-43DC-BA66-633CAFC0C8B9}.Release|Any CPU.ActiveCfg = Release|Any CPU
		{2A70B5BA-B83A-43DC-BA66-633CAFC0C8B9}.Release|Any CPU.Build.0 = Release|Any CPU
		{AA0219C0-746E-4E22-BCAE-6173D9756417}.Debug|Any CPU.ActiveCfg = Debug|Any CPU
		{AA0219C0-746E-4E22-BCAE-6173D9756417}.Debug|Any CPU.Build.0 = Debug|Any CPU
		{AA0219C0-746E-4E22-BCAE-6173D9756417}.Release|Any CPU.ActiveCfg = Release|Any CPU
		{AA0219C0-746E-4E22-BCAE-6173D9756417}.Release|Any CPU.Build.0 = Release|Any CPU
		{535FD165-1927-4DF7-9600-62D1DB249A8E}.Debug|Any CPU.ActiveCfg = Debug|Any CPU
		{535FD165-1927-4DF7-9600-62D1DB249A8E}.Debug|Any CPU.Build.0 = Debug|Any CPU
		{535FD165-1927-4DF7-9600-62D1DB249A8E}.Release|Any CPU.ActiveCfg = Release|Any CPU
		{535FD165-1927-4DF7-9600-62D1DB249A8E}.Release|Any CPU.Build.0 = Release|Any CPU
		{C85D5D98-A0CC-4BEC-839E-6D9ED202C6C5}.Debug|Any CPU.ActiveCfg = Debug|Any CPU
		{C85D5D98-A0CC-4BEC-839E-6D9ED202C6C5}.Debug|Any CPU.Build.0 = Debug|Any CPU
		{C85D5D98-A0CC-4BEC-839E-6D9ED202C6C5}.Release|Any CPU.ActiveCfg = Release|Any CPU
		{C85D5D98-A0CC-4BEC-839E-6D9ED202C6C5}.Release|Any CPU.Build.0 = Release|Any CPU
		{5970A353-B931-4E12-AC33-6506A5E6E91D}.Debug|Any CPU.ActiveCfg = Debug|Any CPU
		{5970A353-B931-4E12-AC33-6506A5E6E91D}.Debug|Any CPU.Build.0 = Debug|Any CPU
		{5970A353-B931-4E12-AC33-6506A5E6E91D}.Release|Any CPU.ActiveCfg = Release|Any CPU
		{5970A353-B931-4E12-AC33-6506A5E6E91D}.Release|Any CPU.Build.0 = Release|Any CPU
		{1A1B4526-44FA-477D-8FB0-CB8FA83F605D}.Debug|Any CPU.ActiveCfg = Debug|Any CPU
		{1A1B4526-44FA-477D-8FB0-CB8FA83F605D}.Debug|Any CPU.Build.0 = Debug|Any CPU
		{1A1B4526-44FA-477D-8FB0-CB8FA83F605D}.Release|Any CPU.ActiveCfg = Release|Any CPU
		{1A1B4526-44FA-477D-8FB0-CB8FA83F605D}.Release|Any CPU.Build.0 = Release|Any CPU
	EndGlobalSection
	GlobalSection(SolutionProperties) = preSolution
		HideSolutionNode = FALSE
	EndGlobalSection
	GlobalSection(ExtensibilityGlobals) = postSolution
		SolutionGuid = {4D3F8E77-B1B1-4997-AF37-98F55FA81DD2}
	EndGlobalSection
EndGlobal
