
Microsoft Visual Studio Solution File, Format Version 12.00
# Visual Studio Version 16
VisualStudioVersion = 16.0.29020.237
MinimumVisualStudioVersion = 10.0.40219.1
Project("{FAE04EC0-301F-11D3-BF4B-00C04F79EFBC}") = "Assignment 01_ISAM5430_1853069", "Assignment 01_ISAM5430_1853069\Assignment 01_ISAM5430_1853069.csproj", "{870F21A7-4FCD-4C3D-9BCD-FE55395489D2}"
EndProject
Global
	GlobalSection(SolutionConfigurationPlatforms) = preSolution
		Debug|Any CPU = Debug|Any CPU
		Release|Any CPU = Release|Any CPU
	EndGlobalSection
	GlobalSection(ProjectConfigurationPlatforms) = postSolution
		{870F21A7-4FCD-4C3D-9BCD-FE55395489D2}.Debug|Any CPU.ActiveCfg = Debug|Any CPU
		{870F21A7-4FCD-4C3D-9BCD-FE55395489D2}.Debug|Any CPU.Build.0 = Debug|Any CPU
		{870F21A7-4FCD-4C3D-9BCD-FE55395489D2}.Release|Any CPU.ActiveCfg = Release|Any CPU
		{870F21A7-4FCD-4C3D-9BCD-FE55395489D2}.Release|Any CPU.Build.0 = Release|Any CPU
	EndGlobalSection
	GlobalSection(SolutionProperties) = preSolution
		HideSolutionNode = FALSE
	EndGlobalSection
	GlobalSection(ExtensibilityGlobals) = postSolution
		SolutionGuid = {D958EDFE-86C0-4402-A180-69D5D1D44668}
	EndGlobalSection
EndGlobal
