Microsoft Visual Studio Solution File, Format Version 12.00
# Visual Studio Version 16
VisualStudioVersion = 16.0.29403.142
MinimumVisualStudioVersion = 10.0.40219.1
Project("{FAE04EC0-301F-11D3-BF4B-00C04F79EFBC}") = "calculator", "calculator\calculator.csproj", "{5CA1CFD9-F400-4BAD-823B-AD432E87766A}"
EndProject
Global
	GlobalSection(SolutionConfigurationPlatforms) = preSolution
		Debug|anycpu = Debug|anycpu
		Release|anycpu = Release|anycpu
	EndGlobalSection
	GlobalSection(ProjectConfigurationPlatforms) = postSolution
		{5CA1CFD9-F400-4BAD-823B-AD432E87766A}.Debug|anycpu.ActiveCfg = Debug|Any CPU
		{5CA1CFD9-F400-4BAD-823B-AD432E87766A}.Debug|anycpu.Build.0 = Debug|Any CPU
		{5CA1CFD9-F400-4BAD-823B-AD432E87766A}.Release|anycpu.ActiveCfg = Release|Any CPU
		{5CA1CFD9-F400-4BAD-823B-AD432E87766A}.Release|anycpu.Build.0 = Release|Any CPU
	EndGlobalSection
	GlobalSection(SolutionProperties) = preSolution
		HideSolutionNode = FALSE
	EndGlobalSection
	GlobalSection(ExtensibilityGlobals) = postSolution
		SolutionGuid = {23B8CE66-9192-4DD8-B09A-CCF3323DB86A}
	EndGlobalSection
EndGlobal
